
Microsoft Visual Studio Solution File, Format Version 12.00
# Visual Studio 14
VisualStudioVersion = 14.0.25420.1
MinimumVisualStudioVersion = 10.0.40219.1
Project("{FAE04EC0-301F-11D3-BF4B-00C04F79EFBC}") = "Web", "Web\Web.csproj", "{C620CDCE-ADC9-4004-A4C3-9ACA81DC34CD}"
EndProject
Project("{2150E333-8FDC-42A3-9474-1A3956D46DE8}") = "应用层", "应用层", "{3603D225-6374-48B4-8F91-4D3C5A02D682}"
EndProject
Project("{2150E333-8FDC-42A3-9474-1A3956D46DE8}") = "三层", "三层", "{A023A66B-3F5A-45BF-9F5D-D4A8940CBAAB}"
EndProject
Project("{2150E333-8FDC-42A3-9474-1A3956D46DE8}") = "工具层", "工具层", "{85015C22-30DC-4DE3-A9F1-D7FAF7437F6C}"
EndProject
Project("{FAE04EC0-301F-11D3-BF4B-00C04F79EFBC}") = "Model", "Model\Model.csproj", "{E96BDE23-C6F5-4EAC-8D5E-346F67A17A54}"
EndProject
Project("{FAE04EC0-301F-11D3-BF4B-00C04F79EFBC}") = "DAL", "DAL\DAL.csproj", "{2FEC194B-7E05-46C5-A670-4D5566681739}"
EndProject
Project("{FAE04EC0-301F-11D3-BF4B-00C04F79EFBC}") = "BLL", "BLL\BLL.csproj", "{B9513CD8-EF6B-4A10-B5C0-AECAF6F7DD79}"
EndProject
Project("{FAE04EC0-301F-11D3-BF4B-00C04F79EFBC}") = "Common", "Common\Common.csproj", "{902A8225-B757-4192-AC57-2F905B37DC7A}"
EndProject
Global
	GlobalSection(SolutionConfigurationPlatforms) = preSolution
		Debug|Any CPU = Debug|Any CPU
		Release|Any CPU = Release|Any CPU
	EndGlobalSection
	GlobalSection(ProjectConfigurationPlatforms) = postSolution
		{C620CDCE-ADC9-4004-A4C3-9ACA81DC34CD}.Debug|Any CPU.ActiveCfg = Debug|Any CPU
		{C620CDCE-ADC9-4004-A4C3-9ACA81DC34CD}.Debug|Any CPU.Build.0 = Debug|Any CPU
		{C620CDCE-ADC9-4004-A4C3-9ACA81DC34CD}.Release|Any CPU.ActiveCfg = Release|Any CPU
		{C620CDCE-ADC9-4004-A4C3-9ACA81DC34CD}.Release|Any CPU.Build.0 = Release|Any CPU
		{E96BDE23-C6F5-4EAC-8D5E-346F67A17A54}.Debug|Any CPU.ActiveCfg = Debug|Any CPU
		{E96BDE23-C6F5-4EAC-8D5E-346F67A17A54}.Debug|Any CPU.Build.0 = Debug|Any CPU
		{E96BDE23-C6F5-4EAC-8D5E-346F67A17A54}.Release|Any CPU.ActiveCfg = Release|Any CPU
		{E96BDE23-C6F5-4EAC-8D5E-346F67A17A54}.Release|Any CPU.Build.0 = Release|Any CPU
		{2FEC194B-7E05-46C5-A670-4D5566681739}.Debug|Any CPU.ActiveCfg = Debug|Any CPU
		{2FEC194B-7E05-46C5-A670-4D5566681739}.Debug|Any CPU.Build.0 = Debug|Any CPU
		{2FEC194B-7E05-46C5-A670-4D5566681739}.Release|Any CPU.ActiveCfg = Release|Any CPU
		{2FEC194B-7E05-46C5-A670-4D5566681739}.Release|Any CPU.Build.0 = Release|Any CPU
		{B9513CD8-EF6B-4A10-B5C0-AECAF6F7DD79}.Debug|Any CPU.ActiveCfg = Debug|Any CPU
		{B9513CD8-EF6B-4A10-B5C0-AECAF6F7DD79}.Debug|Any CPU.Build.0 = Debug|Any CPU
		{B9513CD8-EF6B-4A10-B5C0-AECAF6F7DD79}.Release|Any CPU.ActiveCfg = Release|Any CPU
		{B9513CD8-EF6B-4A10-B5C0-AECAF6F7DD79}.Release|Any CPU.Build.0 = Release|Any CPU
		{902A8225-B757-4192-AC57-2F905B37DC7A}.Debug|Any CPU.ActiveCfg = Debug|Any CPU
		{902A8225-B757-4192-AC57-2F905B37DC7A}.Debug|Any CPU.Build.0 = Debug|Any CPU
		{902A8225-B757-4192-AC57-2F905B37DC7A}.Release|Any CPU.ActiveCfg = Release|Any CPU
		{902A8225-B757-4192-AC57-2F905B37DC7A}.Release|Any CPU.Build.0 = Release|Any CPU
	EndGlobalSection
	GlobalSection(SolutionProperties) = preSolution
		HideSolutionNode = FALSE
	EndGlobalSection
	GlobalSection(NestedProjects) = preSolution
		{C620CDCE-ADC9-4004-A4C3-9ACA81DC34CD} = {3603D225-6374-48B4-8F91-4D3C5A02D682}
		{E96BDE23-C6F5-4EAC-8D5E-346F67A17A54} = {A023A66B-3F5A-45BF-9F5D-D4A8940CBAAB}
		{2FEC194B-7E05-46C5-A670-4D5566681739} = {A023A66B-3F5A-45BF-9F5D-D4A8940CBAAB}
		{B9513CD8-EF6B-4A10-B5C0-AECAF6F7DD79} = {A023A66B-3F5A-45BF-9F5D-D4A8940CBAAB}
		{902A8225-B757-4192-AC57-2F905B37DC7A} = {85015C22-30DC-4DE3-A9F1-D7FAF7437F6C}
	EndGlobalSection
EndGlobal
